
Microsoft Visual Studio Solution File, Format Version 12.00
# Visual Studio 15
VisualStudioVersion = 15.0.28010.2050
MinimumVisualStudioVersion = 10.0.40219.1
Project("{FAE04EC0-301F-11D3-BF4B-00C04F79EFBC}") = "AdventOfCode2018", "AdventOfCode2018\AdventOfCode2018.csproj", "{D8461800-680E-4927-A46F-7F0C85E77DE6}"
EndProject
Project("{FAE04EC0-301F-11D3-BF4B-00C04F79EFBC}") = "Task1", "Task1\Task1.csproj", "{F7ABF919-A347-4169-BD59-45DEFDEDFE5A}"
EndProject
Project("{FAE04EC0-301F-11D3-BF4B-00C04F79EFBC}") = "Task2", "Task2\Task2.csproj", "{120E9793-4FFD-40FC-9F44-E7DE6E7CDB00}"
EndProject
Project("{FAE04EC0-301F-11D3-BF4B-00C04F79EFBC}") = "Task3", "Task3\Task3.csproj", "{A6260B71-8D71-47A4-8AA9-3C2F798B7D40}"
EndProject
Project("{FAE04EC0-301F-11D3-BF4B-00C04F79EFBC}") = "Task4", "Task4\Task4.csproj", "{D85F6E46-AD69-44AB-A92A-81582914E0B5}"
EndProject
Project("{FAE04EC0-301F-11D3-BF4B-00C04F79EFBC}") = "Task5", "Task5\Task5.csproj", "{81F20B21-954E-4380-A606-D0C386F32109}"
EndProject
Project("{FAE04EC0-301F-11D3-BF4B-00C04F79EFBC}") = "Task6", "Task6\Task6.csproj", "{F3393154-7C55-4920-8EFD-BDDF4A68D4F6}"
EndProject
Project("{FAE04EC0-301F-11D3-BF4B-00C04F79EFBC}") = "Task7", "Task7\Task7.csproj", "{18C0919E-4225-45F3-BD20-08E908AF6F91}"
EndProject
Project("{FAE04EC0-301F-11D3-BF4B-00C04F79EFBC}") = "Task8", "Task8\Task8.csproj", "{B191458D-8E6C-4398-B9E3-6770EA3B90A4}"
EndProject
Project("{FAE04EC0-301F-11D3-BF4B-00C04F79EFBC}") = "Task9", "Task9\Task9.csproj", "{B3325FB8-4934-4D8E-9E91-67A8B1A1B811}"
EndProject
Project("{FAE04EC0-301F-11D3-BF4B-00C04F79EFBC}") = "Task10", "Task10\Task10.csproj", "{5C85EACF-CEB2-469A-9A79-E7C6EF1E7F45}"
EndProject
Project("{FAE04EC0-301F-11D3-BF4B-00C04F79EFBC}") = "Task11", "Task11\Task11.csproj", "{D3EC8B72-62BB-4BD6-999F-0C0F6789E840}"
EndProject
Project("{FAE04EC0-301F-11D3-BF4B-00C04F79EFBC}") = "Task12", "Task12\Task12.csproj", "{0443AE69-A17C-4B79-AB61-DFFD161AF590}"
EndProject
Project("{FAE04EC0-301F-11D3-BF4B-00C04F79EFBC}") = "Task13", "Task13\Task13.csproj", "{2E9FEE68-3049-4F1B-89FE-E1C9AF9D9C6B}"
EndProject
Project("{FAE04EC0-301F-11D3-BF4B-00C04F79EFBC}") = "Task14", "Task14\Task14.csproj", "{05E97299-047C-4AC7-823A-FB6197AB9907}"
EndProject
Project("{FAE04EC0-301F-11D3-BF4B-00C04F79EFBC}") = "Task15", "Task15\Task15.csproj", "{DC285583-32E6-4C67-BE5B-954D92D47E94}"
EndProject
Project("{FAE04EC0-301F-11D3-BF4B-00C04F79EFBC}") = "Task16", "Task16\Task16.csproj", "{48BE1925-E1D6-4889-81B6-9082CD830CC2}"
EndProject
Global
	GlobalSection(SolutionConfigurationPlatforms) = preSolution
		Debug|Any CPU = Debug|Any CPU
		Release|Any CPU = Release|Any CPU
	EndGlobalSection
	GlobalSection(ProjectConfigurationPlatforms) = postSolution
		{D8461800-680E-4927-A46F-7F0C85E77DE6}.Debug|Any CPU.ActiveCfg = Debug|Any CPU
		{D8461800-680E-4927-A46F-7F0C85E77DE6}.Debug|Any CPU.Build.0 = Debug|Any CPU
		{D8461800-680E-4927-A46F-7F0C85E77DE6}.Release|Any CPU.ActiveCfg = Release|Any CPU
		{D8461800-680E-4927-A46F-7F0C85E77DE6}.Release|Any CPU.Build.0 = Release|Any CPU
		{F7ABF919-A347-4169-BD59-45DEFDEDFE5A}.Debug|Any CPU.ActiveCfg = Debug|Any CPU
		{F7ABF919-A347-4169-BD59-45DEFDEDFE5A}.Debug|Any CPU.Build.0 = Debug|Any CPU
		{F7ABF919-A347-4169-BD59-45DEFDEDFE5A}.Release|Any CPU.ActiveCfg = Release|Any CPU
		{F7ABF919-A347-4169-BD59-45DEFDEDFE5A}.Release|Any CPU.Build.0 = Release|Any CPU
		{120E9793-4FFD-40FC-9F44-E7DE6E7CDB00}.Debug|Any CPU.ActiveCfg = Debug|Any CPU
		{120E9793-4FFD-40FC-9F44-E7DE6E7CDB00}.Debug|Any CPU.Build.0 = Debug|Any CPU
		{120E9793-4FFD-40FC-9F44-E7DE6E7CDB00}.Release|Any CPU.ActiveCfg = Release|Any CPU
		{120E9793-4FFD-40FC-9F44-E7DE6E7CDB00}.Release|Any CPU.Build.0 = Release|Any CPU
		{A6260B71-8D71-47A4-8AA9-3C2F798B7D40}.Debug|Any CPU.ActiveCfg = Debug|Any CPU
		{A6260B71-8D71-47A4-8AA9-3C2F798B7D40}.Debug|Any CPU.Build.0 = Debug|Any CPU
		{A6260B71-8D71-47A4-8AA9-3C2F798B7D40}.Release|Any CPU.ActiveCfg = Release|Any CPU
		{A6260B71-8D71-47A4-8AA9-3C2F798B7D40}.Release|Any CPU.Build.0 = Release|Any CPU
		{D85F6E46-AD69-44AB-A92A-81582914E0B5}.Debug|Any CPU.ActiveCfg = Debug|Any CPU
		{D85F6E46-AD69-44AB-A92A-81582914E0B5}.Debug|Any CPU.Build.0 = Debug|Any CPU
		{D85F6E46-AD69-44AB-A92A-81582914E0B5}.Release|Any CPU.ActiveCfg = Release|Any CPU
		{D85F6E46-AD69-44AB-A92A-81582914E0B5}.Release|Any CPU.Build.0 = Release|Any CPU
		{81F20B21-954E-4380-A606-D0C386F32109}.Debug|Any CPU.ActiveCfg = Debug|Any CPU
		{81F20B21-954E-4380-A606-D0C386F32109}.Debug|Any CPU.Build.0 = Debug|Any CPU
		{81F20B21-954E-4380-A606-D0C386F32109}.Release|Any CPU.ActiveCfg = Release|Any CPU
		{81F20B21-954E-4380-A606-D0C386F32109}.Release|Any CPU.Build.0 = Release|Any CPU
		{F3393154-7C55-4920-8EFD-BDDF4A68D4F6}.Debug|Any CPU.ActiveCfg = Debug|Any CPU
		{F3393154-7C55-4920-8EFD-BDDF4A68D4F6}.Debug|Any CPU.Build.0 = Debug|Any CPU
		{F3393154-7C55-4920-8EFD-BDDF4A68D4F6}.Release|Any CPU.ActiveCfg = Release|Any CPU
		{F3393154-7C55-4920-8EFD-BDDF4A68D4F6}.Release|Any CPU.Build.0 = Release|Any CPU
		{18C0919E-4225-45F3-BD20-08E908AF6F91}.Debug|Any CPU.ActiveCfg = Debug|Any CPU
		{18C0919E-4225-45F3-BD20-08E908AF6F91}.Debug|Any CPU.Build.0 = Debug|Any CPU
		{18C0919E-4225-45F3-BD20-08E908AF6F91}.Release|Any CPU.ActiveCfg = Release|Any CPU
		{18C0919E-4225-45F3-BD20-08E908AF6F91}.Release|Any CPU.Build.0 = Release|Any CPU
		{B191458D-8E6C-4398-B9E3-6770EA3B90A4}.Debug|Any CPU.ActiveCfg = Debug|Any CPU
		{B191458D-8E6C-4398-B9E3-6770EA3B90A4}.Debug|Any CPU.Build.0 = Debug|Any CPU
		{B191458D-8E6C-4398-B9E3-6770EA3B90A4}.Release|Any CPU.ActiveCfg = Release|Any CPU
		{B191458D-8E6C-4398-B9E3-6770EA3B90A4}.Release|Any CPU.Build.0 = Release|Any CPU
		{B3325FB8-4934-4D8E-9E91-67A8B1A1B811}.Debug|Any CPU.ActiveCfg = Debug|Any CPU
		{B3325FB8-4934-4D8E-9E91-67A8B1A1B811}.Debug|Any CPU.Build.0 = Debug|Any CPU
		{B3325FB8-4934-4D8E-9E91-67A8B1A1B811}.Release|Any CPU.ActiveCfg = Release|Any CPU
		{B3325FB8-4934-4D8E-9E91-67A8B1A1B811}.Release|Any CPU.Build.0 = Release|Any CPU
		{5C85EACF-CEB2-469A-9A79-E7C6EF1E7F45}.Debug|Any CPU.ActiveCfg = Debug|Any CPU
		{5C85EACF-CEB2-469A-9A79-E7C6EF1E7F45}.Debug|Any CPU.Build.0 = Debug|Any CPU
		{5C85EACF-CEB2-469A-9A79-E7C6EF1E7F45}.Release|Any CPU.ActiveCfg = Release|Any CPU
		{5C85EACF-CEB2-469A-9A79-E7C6EF1E7F45}.Release|Any CPU.Build.0 = Release|Any CPU
		{D3EC8B72-62BB-4BD6-999F-0C0F6789E840}.Debug|Any CPU.ActiveCfg = Debug|Any CPU
		{D3EC8B72-62BB-4BD6-999F-0C0F6789E840}.Debug|Any CPU.Build.0 = Debug|Any CPU
		{D3EC8B72-62BB-4BD6-999F-0C0F6789E840}.Release|Any CPU.ActiveCfg = Release|Any CPU
		{D3EC8B72-62BB-4BD6-999F-0C0F6789E840}.Release|Any CPU.Build.0 = Release|Any CPU
		{0443AE69-A17C-4B79-AB61-DFFD161AF590}.Debug|Any CPU.ActiveCfg = Debug|Any CPU
		{0443AE69-A17C-4B79-AB61-DFFD161AF590}.Debug|Any CPU.Build.0 = Debug|Any CPU
		{0443AE69-A17C-4B79-AB61-DFFD161AF590}.Release|Any CPU.ActiveCfg = Release|Any CPU
		{0443AE69-A17C-4B79-AB61-DFFD161AF590}.Release|Any CPU.Build.0 = Release|Any CPU
		{2E9FEE68-3049-4F1B-89FE-E1C9AF9D9C6B}.Debug|Any CPU.ActiveCfg = Debug|Any CPU
		{2E9FEE68-3049-4F1B-89FE-E1C9AF9D9C6B}.Debug|Any CPU.Build.0 = Debug|Any CPU
		{2E9FEE68-3049-4F1B-89FE-E1C9AF9D9C6B}.Release|Any CPU.ActiveCfg = Release|Any CPU
		{2E9FEE68-3049-4F1B-89FE-E1C9AF9D9C6B}.Release|Any CPU.Build.0 = Release|Any CPU
		{05E97299-047C-4AC7-823A-FB6197AB9907}.Debug|Any CPU.ActiveCfg = Debug|Any CPU
		{05E97299-047C-4AC7-823A-FB6197AB9907}.Debug|Any CPU.Build.0 = Debug|Any CPU
		{05E97299-047C-4AC7-823A-FB6197AB9907}.Release|Any CPU.ActiveCfg = Release|Any CPU
		{05E97299-047C-4AC7-823A-FB6197AB9907}.Release|Any CPU.Build.0 = Release|Any CPU
		{DC285583-32E6-4C67-BE5B-954D92D47E94}.Debug|Any CPU.ActiveCfg = Debug|Any CPU
		{DC285583-32E6-4C67-BE5B-954D92D47E94}.Debug|Any CPU.Build.0 = Debug|Any CPU
		{DC285583-32E6-4C67-BE5B-954D92D47E94}.Release|Any CPU.ActiveCfg = Release|Any CPU
		{DC285583-32E6-4C67-BE5B-954D92D47E94}.Release|Any CPU.Build.0 = Release|Any CPU
		{48BE1925-E1D6-4889-81B6-9082CD830CC2}.Debug|Any CPU.ActiveCfg = Debug|Any CPU
		{48BE1925-E1D6-4889-81B6-9082CD830CC2}.Debug|Any CPU.Build.0 = Debug|Any CPU
		{48BE1925-E1D6-4889-81B6-9082CD830CC2}.Release|Any CPU.ActiveCfg = Release|Any CPU
		{48BE1925-E1D6-4889-81B6-9082CD830CC2}.Release|Any CPU.Build.0 = Release|Any CPU
	EndGlobalSection
	GlobalSection(SolutionProperties) = preSolution
		HideSolutionNode = FALSE
	EndGlobalSection
	GlobalSection(ExtensibilityGlobals) = postSolution
		SolutionGuid = {964A1E57-2D44-45A8-94CD-4173205291AB}
	EndGlobalSection
EndGlobal
